PODS:
  - CatalogByConvention (2.1.1)
  - MotionTransitioning (8.0.0)

DEPENDENCIES:
  - CatalogByConvention
  - MotionTransitioning (from `./`)

SPEC REPOS:
  trunk:
    - CatalogByConvention

EXTERNAL SOURCES:
  MotionTransitioning:
    :path: "./"

SPEC CHECKSUMS:
  CatalogByConvention: c3a5319de04250a7cd4649127fcfca5fe3322a43
  MotionTransitioning: c54913ff269a0d93291bb113612c2da325f45f74

PODFILE CHECKSUM: 17fe32a5e24d687cdec9fe1b5a85e37b304f04dc

COCOAPODS: 1.10.1
