PODS:
  - CatalogByConvention (2.1.1)
  - MaterialMotionTransitioning (1.0.0)

DEPENDENCIES:
  - CatalogByConvention
  - MaterialMotionTransitioning (from `./`)

EXTERNAL SOURCES:
  MaterialMotionTransitioning:
    :path: "./"

SPEC CHECKSUMS:
  CatalogByConvention: c3a5319de04250a7cd4649127fcfca5fe3322a43
  MaterialMotionTransitioning: 33406d4f24065281e3d2d171bddd794a89e32b7c

PODFILE CHECKSUM: 7343cb186774b759ce5a8ae9aa6df20737289df1

COCOAPODS: 1.2.1
