PODS:
  - CatalogByConvention (2.1.1)
  - MotionTransitioning (4.0.0)

DEPENDENCIES:
  - CatalogByConvention
  - MotionTransitioning (from `./`)

EXTERNAL SOURCES:
  MotionTransitioning:
    :path: "./"

SPEC CHECKSUMS:
  CatalogByConvention: c3a5319de04250a7cd4649127fcfca5fe3322a43
  MotionTransitioning: be4161ebcbff7911a1d9c4549e396f486041ca6f

PODFILE CHECKSUM: 25d5942fb7698339a03667bb46c3fbb77529b92d

COCOAPODS: 1.2.1
