// !$*UTF8*$!
{
	archiveVersion = 1;
	classes = {
	};
	objectVersion = 46;
	objects = {

/* Begin PBXBuildFile section */
		072A063B1EEE26A900B9B5FC /* MenuExample.swift in Sources */ = {isa = PBXBuildFile; fileRef = 072A063A1EEE26A900B9B5FC /* MenuExample.swift */; };
		66063DF81F75C3E00063E192 /* TransitionWithCustomDurationTests.swift in Sources */ = {isa = PBXBuildFile; fileRef = 66063DF71F75C3E00063E192 /* TransitionWithCustomDurationTests.swift */; };
		6618F5D31F73EB7900A4ABDD /* FadeTransition.swift in Sources */ = {isa = PBXBuildFile; fileRef = 668E28841F4F5389008A4550 /* FadeTransition.swift */; };
		6618F5D41F73EB7900A4ABDD /* SlideUpTransition.swift in Sources */ = {isa = PBXBuildFile; fileRef = 668E28961F571CA4008A4550 /* SlideUpTransition.swift */; };
		6618F5D51F73EB7900A4ABDD /* SpringFrameTransition.swift in Sources */ = {isa = PBXBuildFile; fileRef = 668E289A1F572A9D008A4550 /* SpringFrameTransition.swift */; };
		6618F5D71F73EB8800A4ABDD /* InstantCompletionTransition.swift in Sources */ = {isa = PBXBuildFile; fileRef = 6618F5CF1F73E88C00A4ABDD /* InstantCompletionTransition.swift */; };
		661F92EC1F69C79900AA259E /* Photo.swift in Sources */ = {isa = PBXBuildFile; fileRef = 661F92EB1F69C79900AA259E /* Photo.swift */; };
		661F92EE1F69C7CA00AA259E /* PhotoAlbum.swift in Sources */ = {isa = PBXBuildFile; fileRef = 661F92ED1F69C7CA00AA259E /* PhotoAlbum.swift */; };
		661F92F11F69C7E900AA259E /* PhotoCollectionViewCell.swift in Sources */ = {isa = PBXBuildFile; fileRef = 661F92F01F69C7E900AA259E /* PhotoCollectionViewCell.swift */; };
		661F92F31F69C80E00AA259E /* PhotoAlbumTransition.swift in Sources */ = {isa = PBXBuildFile; fileRef = 661F92F21F69C80E00AA259E /* PhotoAlbumTransition.swift */; };
		6629151E1ED5E0E0002B9A5D /* CustomPresentationExample.swift in Sources */ = {isa = PBXBuildFile; fileRef = 6629151D1ED5E0E0002B9A5D /* CustomPresentationExample.swift */; };
		662915201ED5E137002B9A5D /* ModalViewController.swift in Sources */ = {isa = PBXBuildFile; fileRef = 6629151F1ED5E137002B9A5D /* ModalViewController.swift */; };
		662915231ED64A10002B9A5D /* TransitionTests.swift in Sources */ = {isa = PBXBuildFile; fileRef = 662915221ED64A10002B9A5D /* TransitionTests.swift */; };
		666FAA841D384A6B000363DA /* AppDelegate.swift in Sources */ = {isa = PBXBuildFile; fileRef = 666FAA831D384A6B000363DA /* AppDelegate.swift */; };
		666FAA8B1D384A6B000363DA /* Assets.xcassets in Resources */ = {isa = PBXBuildFile; fileRef = 666FAA8A1D384A6B000363DA /* Assets.xcassets */; };
		666FAA8E1D384A6B000363DA /* LaunchScreen.storyboard in Resources */ = {isa = PBXBuildFile; fileRef = 666FAA8C1D384A6B000363DA /* LaunchScreen.storyboard */; };
		667051C61F7425EC00769148 /* CompositeTransition.swift in Sources */ = {isa = PBXBuildFile; fileRef = 6672D3641F7425B5004E9AF5 /* CompositeTransition.swift */; };
		667051C71F7425EC00769148 /* TransitionTarget.swift in Sources */ = {isa = PBXBuildFile; fileRef = 6672D3651F7425B5004E9AF5 /* TransitionTarget.swift */; };
		667051CA1F7425EE00769148 /* CompositeTransition.swift in Sources */ = {isa = PBXBuildFile; fileRef = 6672D3641F7425B5004E9AF5 /* CompositeTransition.swift */; };
		667051CB1F7425EE00769148 /* TransitionTarget.swift in Sources */ = {isa = PBXBuildFile; fileRef = 6672D3651F7425B5004E9AF5 /* TransitionTarget.swift */; };
		667A3F421DEE269400CB3A99 /* AppDelegate.swift in Sources */ = {isa = PBXBuildFile; fileRef = 667A3F411DEE269400CB3A99 /* AppDelegate.swift */; };
		667A3F491DEE269400CB3A99 /* Assets.xcassets in Resources */ = {isa = PBXBuildFile; fileRef = 667A3F481DEE269400CB3A99 /* Assets.xcassets */; };
		667A3F4C1DEE269400CB3A99 /* LaunchScreen.storyboard in Resources */ = {isa = PBXBuildFile; fileRef = 667A3F4A1DEE269400CB3A99 /* LaunchScreen.storyboard */; };
		667A3F541DEE273000CB3A99 /* TableOfContents.swift in Sources */ = {isa = PBXBuildFile; fileRef = 667A3F531DEE273000CB3A99 /* TableOfContents.swift */; };
		668E28851F4F5389008A4550 /* FadeTransition.swift in Sources */ = {isa = PBXBuildFile; fileRef = 668E28841F4F5389008A4550 /* FadeTransition.swift */; };
		668E288B1F4F68D2008A4550 /* ContextualExample.swift in Sources */ = {isa = PBXBuildFile; fileRef = 668E288A1F4F68D2008A4550 /* ContextualExample.swift */; };
		668E288E1F5066AA008A4550 /* PhotoAlbumExample.swift in Sources */ = {isa = PBXBuildFile; fileRef = 668E288D1F5066AA008A4550 /* PhotoAlbumExample.swift */; };
		668E28901F50673A008A4550 /* PhotoAlbum.xcassets in Resources */ = {isa = PBXBuildFile; fileRef = 668E288F1F50673A008A4550 /* PhotoAlbum.xcassets */; };
		668E28971F571CA4008A4550 /* SlideUpTransition.swift in Sources */ = {isa = PBXBuildFile; fileRef = 668E28961F571CA4008A4550 /* SlideUpTransition.swift */; };
		668E289B1F572A9D008A4550 /* SpringFrameTransition.swift in Sources */ = {isa = PBXBuildFile; fileRef = 668E289A1F572A9D008A4550 /* SpringFrameTransition.swift */; };
		669AFD661F75360E00FF06DF /* FallbackTransition.swift in Sources */ = {isa = PBXBuildFile; fileRef = 669AFD651F75360E00FF06DF /* FallbackTransition.swift */; };
		66A320FC1F1E716600E2EAC3 /* NavControllerFadeExample.swift in Sources */ = {isa = PBXBuildFile; fileRef = 664CC3D91F1E6F3000B80804 /* NavControllerFadeExample.swift */; };
		66BBC75E1ED37DAD0015CB9B /* FadeExample.swift in Sources */ = {isa = PBXBuildFile; fileRef = 66BBC75D1ED37DAD0015CB9B /* FadeExample.swift */; };
		66BBC76D1ED4C8790015CB9B /* ExampleViewController.swift in Sources */ = {isa = PBXBuildFile; fileRef = 66BBC7691ED4C8790015CB9B /* ExampleViewController.swift */; };
		66BBC76E1ED4C8790015CB9B /* ExampleViews.swift in Sources */ = {isa = PBXBuildFile; fileRef = 66BBC76A1ED4C8790015CB9B /* ExampleViews.swift */; };
		66BBC76F1ED4C8790015CB9B /* HexColor.swift in Sources */ = {isa = PBXBuildFile; fileRef = 66BBC76B1ED4C8790015CB9B /* HexColor.swift */; };
		66BBC7701ED4C8790015CB9B /* Layout.swift in Sources */ = {isa = PBXBuildFile; fileRef = 66BBC76C1ED4C8790015CB9B /* Layout.swift */; };
		66BBC7721ED728DB0015CB9B /* TransitionWithPresentationTests.swift in Sources */ = {isa = PBXBuildFile; fileRef = 66BBC7711ED728DB0015CB9B /* TransitionWithPresentationTests.swift */; };
		66BBC7751ED729A80015CB9B /* FadeExample.m in Sources */ = {isa = PBXBuildFile; fileRef = 66BBC7741ED729A70015CB9B /* FadeExample.m */; };
		773CE08578E72083CED81F9E /* Pods_TransitionsCatalog.framework in Frameworks */ = {isa = PBXBuildFile; fileRef = 56D9DF9E44D993D12FE85E99 /* Pods_TransitionsCatalog.framework */; };
		FA87211112A578A2487B6013 /* Pods_UnitTests.framework in Frameworks */ = {isa = PBXBuildFile; fileRef = 2408A4B72C0BA93CC963452F /* Pods_UnitTests.framework */; };
/* End PBXBuildFile section */

/* Begin PBXContainerItemProxy section */
		666FAA951D384A6B000363DA /* PBXContainerItemProxy */ = {
			isa = PBXContainerItemProxy;
			containerPortal = 666FAA781D384A6B000363DA /* Project object */;
			proxyType = 1;
			remoteGlobalIDString = 666FAA7F1D384A6B000363DA;
			remoteInfo = Catalog;
		};
		667A3F511DEE269D00CB3A99 /* PBXContainerItemProxy */ = {
			isa = PBXContainerItemProxy;
			containerPortal = 666FAA781D384A6B000363DA /* Project object */;
			proxyType = 1;
			remoteGlobalIDString = 667A3F3E1DEE269400CB3A99;
			remoteInfo = TestHarness;
		};
/* End PBXContainerItemProxy section */

/* Begin PBXFileReference section */
		072A063A1EEE26A900B9B5FC /* MenuExample.swift */ = {isa = PBXFileReference; fileEncoding = 4; lastKnownFileType = sourcecode.swift; path = MenuExample.swift; sourceTree = "<group>"; };
		0C2327F961D4F16DEBF0EEB8 /* Pods-UnitTests.debug.xcconfig */ = {isa = PBXFileReference; includeInIndex = 1; lastKnownFileType = text.xcconfig; name = "Pods-UnitTests.debug.xcconfig"; path = "../../../Pods/Target Support Files/Pods-UnitTests/Pods-UnitTests.debug.xcconfig"; sourceTree = "<group>"; };
		2408A4B72C0BA93CC963452F /* Pods_UnitTests.framework */ = {isa = PBXFileReference; explicitFileType = wrapper.framework; includeInIndex = 0; path = Pods_UnitTests.framework; sourceTree = BUILT_PRODUCTS_DIR; };
		3734DFFD1C84494E48784617 /* Pods-TransitionsCatalog.release.xcconfig */ = {isa = PBXFileReference; includeInIndex = 1; lastKnownFileType = text.xcconfig; name = "Pods-TransitionsCatalog.release.xcconfig"; path = "../../../Pods/Target Support Files/Pods-TransitionsCatalog/Pods-TransitionsCatalog.release.xcconfig"; sourceTree = "<group>"; };
		56D9DF9E44D993D12FE85E99 /* Pods_TransitionsCatalog.framework */ = {isa = PBXFileReference; explicitFileType = wrapper.framework; includeInIndex = 0; path = Pods_TransitionsCatalog.framework; sourceTree = BUILT_PRODUCTS_DIR; };
		66063DF71F75C3E00063E192 /* TransitionWithCustomDurationTests.swift */ = {isa = PBXFileReference; fileEncoding = 4; lastKnownFileType = sourcecode.swift; path = TransitionWithCustomDurationTests.swift; sourceTree = "<group>"; };
		6618F5CF1F73E88C00A4ABDD /* InstantCompletionTransition.swift */ = {isa = PBXFileReference; lastKnownFileType = sourcecode.swift; path = InstantCompletionTransition.swift; sourceTree = "<group>"; };
		661F92EB1F69C79900AA259E /* Photo.swift */ = {isa = PBXFileReference; lastKnownFileType = sourcecode.swift; name = Photo.swift; path = supplemental/Photo.swift; sourceTree = "<group>"; };
		661F92ED1F69C7CA00AA259E /* PhotoAlbum.swift */ = {isa = PBXFileReference; lastKnownFileType = sourcecode.swift; name = PhotoAlbum.swift; path = supplemental/PhotoAlbum.swift; sourceTree = "<group>"; };
		661F92F01F69C7E900AA259E /* PhotoCollectionViewCell.swift */ = {isa = PBXFileReference; lastKnownFileType = sourcecode.swift; path = PhotoCollectionViewCell.swift; sourceTree = "<group>"; };
		661F92F21F69C80E00AA259E /* PhotoAlbumTransition.swift */ = {isa = PBXFileReference; lastKnownFileType = sourcecode.swift; path = PhotoAlbumTransition.swift; sourceTree = "<group>"; };
		6629151D1ED5E0E0002B9A5D /* CustomPresentationExample.swift */ = {isa = PBXFileReference; fileEncoding = 4; lastKnownFileType = sourcecode.swift; path = CustomPresentationExample.swift; sourceTree = "<group>"; };
		6629151F1ED5E137002B9A5D /* ModalViewController.swift */ = {isa = PBXFileReference; fileEncoding = 4; lastKnownFileType = sourcecode.swift; path = ModalViewController.swift; sourceTree = "<group>"; };
		662915211ED5F222002B9A5D /* README.md */ = {isa = PBXFileReference; lastKnownFileType = net.daringfireball.markdown; name = README.md; path = ../../../README.md; sourceTree = "<group>"; };
		662915221ED64A10002B9A5D /* TransitionTests.swift */ = {isa = PBXFileReference; fileEncoding = 4; lastKnownFileType = sourcecode.swift; path = TransitionTests.swift; sourceTree = "<group>"; };
		664CC3D91F1E6F3000B80804 /* NavControllerFadeExample.swift */ = {isa = PBXFileReference; lastKnownFileType = sourcecode.swift; name = NavControllerFadeExample.swift; path = ../NavControllerFadeExample.swift; sourceTree = "<group>"; };
		666FAA801D384A6B000363DA /* TransitionsCatalog.app */ = {isa = PBXFileReference; explicitFileType = wrapper.application; includeInIndex = 0; path = TransitionsCatalog.app; sourceTree = BUILT_PRODUCTS_DIR; };
		666FAA831D384A6B000363DA /* AppDelegate.swift */ = {isa = PBXFileReference; lastKnownFileType = sourcecode.swift; name = AppDelegate.swift; path = Catalog/AppDelegate.swift; sourceTree = "<group>"; };
		666FAA8A1D384A6B000363DA /* Assets.xcassets */ = {isa = PBXFileReference; lastKnownFileType = folder.assetcatalog; path = Assets.xcassets; sourceTree = "<group>"; };
		666FAA8D1D384A6B000363DA /* Base */ = {isa = PBXFileReference; lastKnownFileType = file.storyboard; name = Base; path = Base.lproj/LaunchScreen.storyboard; sourceTree = "<group>"; };
		666FAA8F1D384A6B000363DA /* Info.plist */ = {isa = PBXFileReference; lastKnownFileType = text.plist.xml; path = Info.plist; sourceTree = "<group>"; };
		666FAA941D384A6B000363DA /* UnitTests.xctest */ = {isa = PBXFileReference; explicitFileType = wrapper.cfbundle; includeInIndex = 0; path = UnitTests.xctest; sourceTree = BUILT_PRODUCTS_DIR; };
		666FAA9A1D384A6B000363DA /* Info.plist */ = {isa = PBXFileReference; lastKnownFileType = text.plist.xml; name = Info.plist; path = ../UnitTests/Info.plist; sourceTree = "<group>"; };
		6672D3641F7425B5004E9AF5 /* CompositeTransition.swift */ = {isa = PBXFileReference; lastKnownFileType = sourcecode.swift; name = CompositeTransition.swift; path = transitions/CompositeTransition.swift; sourceTree = "<group>"; };
		6672D3651F7425B5004E9AF5 /* TransitionTarget.swift */ = {isa = PBXFileReference; lastKnownFileType = sourcecode.swift; name = TransitionTarget.swift; path = transitions/TransitionTarget.swift; sourceTree = "<group>"; };
		667A3F3F1DEE269400CB3A99 /* TestHarness.app */ = {isa = PBXFileReference; explicitFileType = wrapper.application; includeInIndex = 0; path = TestHarness.app; sourceTree = BUILT_PRODUCTS_DIR; };
		667A3F411DEE269400CB3A99 /* AppDelegate.swift */ = {isa = PBXFileReference; lastKnownFileType = sourcecode.swift; path = AppDelegate.swift; sourceTree = "<group>"; };
		667A3F481DEE269400CB3A99 /* Assets.xcassets */ = {isa = PBXFileReference; lastKnownFileType = folder.assetcatalog; path = Assets.xcassets; sourceTree = "<group>"; };
		667A3F4B1DEE269400CB3A99 /* Base */ = {isa = PBXFileReference; lastKnownFileType = file.storyboard; name = Base; path = Base.lproj/LaunchScreen.storyboard; sourceTree = "<group>"; };
		667A3F4D1DEE269400CB3A99 /* Info.plist */ = {isa = PBXFileReference; lastKnownFileType = text.plist.xml; path = Info.plist; sourceTree = "<group>"; };
		667A3F531DEE273000CB3A99 /* TableOfContents.swift */ = {isa = PBXFileReference; fileEncoding = 4; lastKnownFileType = sourcecode.swift; path = TableOfContents.swift; sourceTree = "<group>"; };
		668E28841F4F5389008A4550 /* FadeTransition.swift */ = {isa = PBXFileReference; fileEncoding = 4; lastKnownFileType = sourcecode.swift; name = FadeTransition.swift; path = transitions/FadeTransition.swift; sourceTree = "<group>"; };
		668E288A1F4F68D2008A4550 /* ContextualExample.swift */ = {isa = PBXFileReference; fileEncoding = 4; lastKnownFileType = sourcecode.swift; path = ContextualExample.swift; sourceTree = "<group>"; };
		668E288D1F5066AA008A4550 /* PhotoAlbumExample.swift */ = {isa = PBXFileReference; fileEncoding = 4; lastKnownFileType = sourcecode.swift; path = PhotoAlbumExample.swift; sourceTree = "<group>"; };
		668E288F1F50673A008A4550 /* PhotoAlbum.xcassets */ = {isa = PBXFileReference; lastKnownFileType = folder.assetcatalog; path = PhotoAlbum.xcassets; sourceTree = "<group>"; };
		668E28961F571CA4008A4550 /* SlideUpTransition.swift */ = {isa = PBXFileReference; fileEncoding = 4; lastKnownFileType = sourcecode.swift; name = SlideUpTransition.swift; path = transitions/SlideUpTransition.swift; sourceTree = "<group>"; };
		668E289A1F572A9D008A4550 /* SpringFrameTransition.swift */ = {isa = PBXFileReference; fileEncoding = 4; lastKnownFileType = sourcecode.swift; name = SpringFrameTransition.swift; path = transitions/SpringFrameTransition.swift; sourceTree = "<group>"; };
		669AFD651F75360E00FF06DF /* FallbackTransition.swift */ = {isa = PBXFileReference; lastKnownFileType = sourcecode.swift; path = FallbackTransition.swift; sourceTree = "<group>"; };
		66BBC75D1ED37DAD0015CB9B /* FadeExample.swift */ = {isa = PBXFileReference; fileEncoding = 4; lastKnownFileType = sourcecode.swift; name = FadeExample.swift; path = ../FadeExample.swift; sourceTree = "<group>"; };
		66BBC7691ED4C8790015CB9B /* ExampleViewController.swift */ = {isa = PBXFileReference; fileEncoding = 4; lastKnownFileType = sourcecode.swift; path = ExampleViewController.swift; sourceTree = "<group>"; };
		66BBC76A1ED4C8790015CB9B /* ExampleViews.swift */ = {isa = PBXFileReference; fileEncoding = 4; lastKnownFileType = sourcecode.swift; path = ExampleViews.swift; sourceTree = "<group>"; };
		66BBC76B1ED4C8790015CB9B /* HexColor.swift */ = {isa = PBXFileReference; fileEncoding = 4; lastKnownFileType = sourcecode.swift; path = HexColor.swift; sourceTree = "<group>"; };
		66BBC76C1ED4C8790015CB9B /* Layout.swift */ = {isa = PBXFileReference; fileEncoding = 4; lastKnownFileType = sourcecode.swift; path = Layout.swift; sourceTree = "<group>"; };
		66BBC7711ED728DB0015CB9B /* TransitionWithPresentationTests.swift */ = {isa = PBXFileReference; fileEncoding = 4; lastKnownFileType = sourcecode.swift; path = TransitionWithPresentationTests.swift; sourceTree = "<group>"; };
		66BBC7731ED729A70015CB9B /* FadeExample.h */ = {isa = PBXFileReference; fileEncoding = 4; lastKnownFileType = sourcecode.c.h; name = FadeExample.h; path = ../FadeExample.h; sourceTree = "<group>"; };
		66BBC7741ED729A70015CB9B /* FadeExample.m */ = {isa = PBXFileReference; fileEncoding = 4; lastKnownFileType = sourcecode.c.objc; name = FadeExample.m; path = ../FadeExample.m; sourceTree = "<group>"; };
		738D98979677D88D24513391 /* Pods-TransitionsCatalog.debug.xcconfig */ = {isa = PBXFileReference; includeInIndex = 1; lastKnownFileType = text.xcconfig; name = "Pods-TransitionsCatalog.debug.xcconfig"; path = "../../../Pods/Target Support Files/Pods-TransitionsCatalog/Pods-TransitionsCatalog.debug.xcconfig"; sourceTree = "<group>"; };
		D7BB2931AFCEE4C91AE92E5D /* Pods-UnitTests.release.xcconfig */ = {isa = PBXFileReference; includeInIndex = 1; lastKnownFileType = text.xcconfig; name = "Pods-UnitTests.release.xcconfig"; path = "../../../Pods/Target Support Files/Pods-UnitTests/Pods-UnitTests.release.xcconfig"; sourceTree = "<group>"; };
/* End PBXFileReference section */

/* Begin PBXFrameworksBuildPhase section */
		03BB10DAA9B410FC78A061DE /* Frameworks */ = {
			isa = PBXFrameworksBuildPhase;
			buildActionMask = 2147483647;
			files = (
				FA87211112A578A2487B6013 /* Pods_UnitTests.framework in Frameworks */,
			);
			runOnlyForDeploymentPostprocessing = 0;
		};
		332B5EA9D6D03DB5A5EC0149 /* Frameworks */ = {
			isa = PBXFrameworksBuildPhase;
			buildActionMask = 2147483647;
			files = (
				773CE08578E72083CED81F9E /* Pods_TransitionsCatalog.framework in Frameworks */,
			);
			runOnlyForDeploymentPostprocessing = 0;
		};
		667A3F3C1DEE269400CB3A99 /* Frameworks */ = {
			isa = PBXFrameworksBuildPhase;
			buildActionMask = 2147483647;
			files = (
			);
			runOnlyForDeploymentPostprocessing = 0;
		};
/* End PBXFrameworksBuildPhase section */

/* Begin PBXGroup section */
		370037A4F3C3DB841D4FFC9F /* Frameworks */ = {
			isa = PBXGroup;
			children = (
				56D9DF9E44D993D12FE85E99 /* Pods_TransitionsCatalog.framework */,
				2408A4B72C0BA93CC963452F /* Pods_UnitTests.framework */,
			);
			name = Frameworks;
			sourceTree = "<group>";
		};
		6618F5D11F73E8A000A4ABDD /* Transitions */ = {
			isa = PBXGroup;
			children = (
				6618F5CF1F73E88C00A4ABDD /* InstantCompletionTransition.swift */,
				669AFD651F75360E00FF06DF /* FallbackTransition.swift */,
			);
			path = Transitions;
			sourceTree = "<group>";
		};
		661F92EA1F69C78600AA259E /* Model */ = {
			isa = PBXGroup;
			children = (
				661F92EB1F69C79900AA259E /* Photo.swift */,
				661F92ED1F69C7CA00AA259E /* PhotoAlbum.swift */,
			);
			name = Model;
			sourceTree = "<group>";
		};
		661F92EF1F69C7E000AA259E /* Cells */ = {
			isa = PBXGroup;
			children = (
				661F92F01F69C7E900AA259E /* PhotoCollectionViewCell.swift */,
			);
			name = Cells;
			sourceTree = "<group>";
		};
		666FAA771D384A6B000363DA = {
			isa = PBXGroup;
			children = (
				662915211ED5F222002B9A5D /* README.md */,
				667A3F531DEE273000CB3A99 /* TableOfContents.swift */,
				666FAAA31D384B13000363DA /* examples */,
				66BBC7681ED4C8790015CB9B /* supplemental */,
				666FAAA61D384B77000363DA /* app */,
				666FAA971D384A6B000363DA /* tests */,
				666FAA821D384A6B000363DA /* resources */,
				666FAA811D384A6B000363DA /* Products */,
				E33C6E4C4AE99A65F266DD78 /* Pods */,
				370037A4F3C3DB841D4FFC9F /* Frameworks */,
			);
			sourceTree = "<group>";
		};
		666FAA811D384A6B000363DA /* Products */ = {
			isa = PBXGroup;
			children = (
				666FAA801D384A6B000363DA /* TransitionsCatalog.app */,
				666FAA941D384A6B000363DA /* UnitTests.xctest */,
				667A3F3F1DEE269400CB3A99 /* TestHarness.app */,
			);
			name = Products;
			sourceTree = "<group>";
		};
		666FAA821D384A6B000363DA /* resources */ = {
			isa = PBXGroup;
			children = (
				667A3F401DEE269400CB3A99 /* TestHarness */,
				666FAAA51D384B5B000363DA /* catalog */,
				666FAAA41D384B52000363DA /* tests */,
			);
			name = resources;
			path = Catalog;
			sourceTree = "<group>";
		};
		666FAA971D384A6B000363DA /* tests */ = {
			isa = PBXGroup;
			children = (
				6618F5D11F73E8A000A4ABDD /* Transitions */,
				662915221ED64A10002B9A5D /* TransitionTests.swift */,
				66BBC7711ED728DB0015CB9B /* TransitionWithPresentationTests.swift */,
				66063DF71F75C3E00063E192 /* TransitionWithCustomDurationTests.swift */,
			);
			name = tests;
			path = ../../../tests/unit;
			sourceTree = "<group>";
		};
		666FAAA31D384B13000363DA /* examples */ = {
			isa = PBXGroup;
			children = (
				668E28891F4F68C3008A4550 /* Contextual transition */,
				668E28861F4F66C7008A4550 /* Custom presentation */,
				668E28831F4F5371008A4550 /* Fade transition */,
				668E288C1F506698008A4550 /* Photo album */,
				668E28951F571C8F008A4550 /* Transitions */,
				072A063A1EEE26A900B9B5FC /* MenuExample.swift */,
			);
			name = examples;
			path = ../..;
			sourceTree = "<group>";
		};
		666FAAA41D384B52000363DA /* tests */ = {
			isa = PBXGroup;
			children = (
				666FAA9A1D384A6B000363DA /* Info.plist */,
			);
			name = tests;
			sourceTree = "<group>";
		};
		666FAAA51D384B5B000363DA /* catalog */ = {
			isa = PBXGroup;
			children = (
				666FAA8A1D384A6B000363DA /* Assets.xcassets */,
				668E288F1F50673A008A4550 /* PhotoAlbum.xcassets */,
				666FAA8C1D384A6B000363DA /* LaunchScreen.storyboard */,
				666FAA8F1D384A6B000363DA /* Info.plist */,
			);
			name = catalog;
			sourceTree = "<group>";
		};
		666FAAA61D384B77000363DA /* app */ = {
			isa = PBXGroup;
			children = (
				666FAA831D384A6B000363DA /* AppDelegate.swift */,
			);
			name = app;
			sourceTree = "<group>";
		};
		667A3F401DEE269400CB3A99 /* TestHarness */ = {
			isa = PBXGroup;
			children = (
				667A3F411DEE269400CB3A99 /* AppDelegate.swift */,
				667A3F481DEE269400CB3A99 /* Assets.xcassets */,
				667A3F4A1DEE269400CB3A99 /* LaunchScreen.storyboard */,
				667A3F4D1DEE269400CB3A99 /* Info.plist */,
			);
			name = TestHarness;
			path = ../TestHarness;
			sourceTree = "<group>";
		};
		668E28831F4F5371008A4550 /* Fade transition */ = {
			isa = PBXGroup;
			children = (
				66BBC75D1ED37DAD0015CB9B /* FadeExample.swift */,
				66BBC7731ED729A70015CB9B /* FadeExample.h */,
				66BBC7741ED729A70015CB9B /* FadeExample.m */,
				664CC3D91F1E6F3000B80804 /* NavControllerFadeExample.swift */,
			);
			name = "Fade transition";
			path = transitions;
			sourceTree = "<group>";
		};
		668E28861F4F66C7008A4550 /* Custom presentation */ = {
			isa = PBXGroup;
			children = (
				6629151D1ED5E0E0002B9A5D /* CustomPresentationExample.swift */,
			);
			name = "Custom presentation";
			sourceTree = "<group>";
		};
		668E28891F4F68C3008A4550 /* Contextual transition */ = {
			isa = PBXGroup;
			children = (
				668E288A1F4F68D2008A4550 /* ContextualExample.swift */,
			);
			name = "Contextual transition";
			sourceTree = "<group>";
		};
		668E288C1F506698008A4550 /* Photo album */ = {
			isa = PBXGroup;
			children = (
				661F92EF1F69C7E000AA259E /* Cells */,
				661F92EA1F69C78600AA259E /* Model */,
				668E288D1F5066AA008A4550 /* PhotoAlbumExample.swift */,
				661F92F21F69C80E00AA259E /* PhotoAlbumTransition.swift */,
			);
			name = "Photo album";
			sourceTree = "<group>";
		};
		668E28951F571C8F008A4550 /* Transitions */ = {
			isa = PBXGroup;
			children = (
				6672D3641F7425B5004E9AF5 /* CompositeTransition.swift */,
				668E28841F4F5389008A4550 /* FadeTransition.swift */,
				668E28961F571CA4008A4550 /* SlideUpTransition.swift */,
				668E289A1F572A9D008A4550 /* SpringFrameTransition.swift */,
				6672D3651F7425B5004E9AF5 /* TransitionTarget.swift */,
			);
			name = Transitions;
			sourceTree = "<group>";
		};
		66BBC7681ED4C8790015CB9B /* supplemental */ = {
			isa = PBXGroup;
			children = (
				66BBC7691ED4C8790015CB9B /* ExampleViewController.swift */,
				66BBC76A1ED4C8790015CB9B /* ExampleViews.swift */,
				66BBC76B1ED4C8790015CB9B /* HexColor.swift */,
				66BBC76C1ED4C8790015CB9B /* Layout.swift */,
				6629151F1ED5E137002B9A5D /* ModalViewController.swift */,
			);
			name = supplemental;
			path = ../../supplemental;
			sourceTree = "<group>";
		};
		E33C6E4C4AE99A65F266DD78 /* Pods */ = {
			isa = PBXGroup;
			children = (
				738D98979677D88D24513391 /* Pods-TransitionsCatalog.debug.xcconfig */,
				3734DFFD1C84494E48784617 /* Pods-TransitionsCatalog.release.xcconfig */,
				0C2327F961D4F16DEBF0EEB8 /* Pods-UnitTests.debug.xcconfig */,
				D7BB2931AFCEE4C91AE92E5D /* Pods-UnitTests.release.xcconfig */,
			);
			name = Pods;
			sourceTree = "<group>";
		};
/* End PBXGroup section */

/* Begin PBXNativeTarget section */
		666FAA7F1D384A6B000363DA /* TransitionsCatalog */ = {
			isa = PBXNativeTarget;
			buildConfigurationList = 666FAA9D1D384A6B000363DA /* Build configuration list for PBXNativeTarget "TransitionsCatalog" */;
			buildPhases = (
				98D73D231683AA2871B76D81 /* [CP] Check Pods Manifest.lock */,
				666FAA7C1D384A6B000363DA /* Sources */,
				666FAA7E1D384A6B000363DA /* Resources */,
				332B5EA9D6D03DB5A5EC0149 /* Frameworks */,
				EBE92D1BA3D06BD67925A4E0 /* [CP] Embed Pods Frameworks */,
			);
			buildRules = (
			);
			dependencies = (
			);
			name = TransitionsCatalog;
			productName = Catalog;
			productReference = 666FAA801D384A6B000363DA /* TransitionsCatalog.app */;
			productType = "com.apple.product-type.application";
		};
		666FAA931D384A6B000363DA /* UnitTests */ = {
			isa = PBXNativeTarget;
			buildConfigurationList = 666FAAA01D384A6B000363DA /* Build configuration list for PBXNativeTarget "UnitTests" */;
			buildPhases = (
				DD0DE1433C97D7502DC5B756 /* [CP] Check Pods Manifest.lock */,
				666FAA901D384A6B000363DA /* Sources */,
				666FAA921D384A6B000363DA /* Resources */,
				03BB10DAA9B410FC78A061DE /* Frameworks */,
				B07B7D3E33EA12345D5D53CC /* [CP] Embed Pods Frameworks */,
			);
			buildRules = (
			);
			dependencies = (
				666FAA961D384A6B000363DA /* PBXTargetDependency */,
				667A3F521DEE269D00CB3A99 /* PBXTargetDependency */,
			);
			name = UnitTests;
			productName = CatalogTests;
			productReference = 666FAA941D384A6B000363DA /* UnitTests.xctest */;
			productType = "com.apple.product-type.bundle.unit-test";
		};
		667A3F3E1DEE269400CB3A99 /* TestHarness */ = {
			isa = PBXNativeTarget;
			buildConfigurationList = 667A3F501DEE269400CB3A99 /* Build configuration list for PBXNativeTarget "TestHarness" */;
			buildPhases = (
				667A3F3B1DEE269400CB3A99 /* Sources */,
				667A3F3C1DEE269400CB3A99 /* Frameworks */,
				667A3F3D1DEE269400CB3A99 /* Resources */,
			);
			buildRules = (
			);
			dependencies = (
			);
			name = TestHarness;
			productName = TestHarness;
			productReference = 667A3F3F1DEE269400CB3A99 /* TestHarness.app */;
			productType = "com.apple.product-type.application";
		};
/* End PBXNativeTarget section */

/* Begin PBXProject section */
		666FAA781D384A6B000363DA /* Project object */ = {
			isa = PBXProject;
			attributes = {
				LastSwiftUpdateCheck = 0810;
				LastUpgradeCheck = 0900;
				ORGANIZATIONNAME = Google;
				TargetAttributes = {
					666FAA7F1D384A6B000363DA = {
						CreatedOnToolsVersion = 7.3.1;
						LastSwiftMigration = 0830;
					};
					666FAA931D384A6B000363DA = {
						CreatedOnToolsVersion = 7.3.1;
						LastSwiftMigration = 0820;
						TestTargetID = 667A3F3E1DEE269400CB3A99;
					};
					667A3F3E1DEE269400CB3A99 = {
						CreatedOnToolsVersion = 8.1;
						ProvisioningStyle = Automatic;
					};
				};
			};
			buildConfigurationList = 666FAA7B1D384A6B000363DA /* Build configuration list for PBXProject "TransitionsCatalog" */;
			compatibilityVersion = "Xcode 3.2";
			developmentRegion = English;
			hasScannedForEncodings = 0;
			knownRegions = (
				English,
				en,
				Base,
			);
			mainGroup = 666FAA771D384A6B000363DA;
			productRefGroup = 666FAA811D384A6B000363DA /* Products */;
			projectDirPath = "";
			projectRoot = "";
			targets = (
				666FAA7F1D384A6B000363DA /* TransitionsCatalog */,
				667A3F3E1DEE269400CB3A99 /* TestHarness */,
				666FAA931D384A6B000363DA /* UnitTests */,
			);
		};
/* End PBXProject section */

/* Begin PBXResourcesBuildPhase section */
		666FAA7E1D384A6B000363DA /* Resources */ = {
			isa = PBXResourcesBuildPhase;
			buildActionMask = 2147483647;
			files = (
				668E28901F50673A008A4550 /* PhotoAlbum.xcassets in Resources */,
				666FAA8E1D384A6B000363DA /* LaunchScreen.storyboard in Resources */,
				666FAA8B1D384A6B000363DA /* Assets.xcassets in Resources */,
			);
			runOnlyForDeploymentPostprocessing = 0;
		};
		666FAA921D384A6B000363DA /* Resources */ = {
			isa = PBXResourcesBuildPhase;
			buildActionMask = 2147483647;
			files = (
			);
			runOnlyForDeploymentPostprocessing = 0;
		};
		667A3F3D1DEE269400CB3A99 /* Resources */ = {
			isa = PBXResourcesBuildPhase;
			buildActionMask = 2147483647;
			files = (
				667A3F4C1DEE269400CB3A99 /* LaunchScreen.storyboard in Resources */,
				667A3F491DEE269400CB3A99 /* Assets.xcassets in Resources */,
			);
			runOnlyForDeploymentPostprocessing = 0;
		};
/* End PBXResourcesBuildPhase section */

/* Begin PBXShellScriptBuildPhase section */
		98D73D231683AA2871B76D81 /* [CP] Check Pods Manifest.lock */ = {
			isa = PBXShellScriptBuildPhase;
			buildActionMask = 2147483647;
			files = (
			);
			inputPaths = (
				"${PODS_PODFILE_DIR_PATH}/Podfile.lock",
				"${PODS_ROOT}/Manifest.lock",
			);
			name = "[CP] Check Pods Manifest.lock";
			outputPaths = (
				"$(DERIVED_FILE_DIR)/Pods-TransitionsCatalog-checkManifestLockResult.txt",
			);
			runOnlyForDeploymentPostprocessing = 0;
			shellPath = /bin/sh;
			shellScript = "diff \"${PODS_PODFILE_DIR_PATH}/Podfile.lock\" \"${PODS_ROOT}/Manifest.lock\" > /dev/null\nif [ $? != 0 ] ; then\n    # print error to STDERR\n    echo \"error: The sandbox is not in sync with the Podfile.lock. Run 'pod install' or update your CocoaPods installation.\" >&2\n    exit 1\nfi\n# This output is used by Xcode 'outputs' to avoid re-running this script phase.\necho \"SUCCESS\" > \"${SCRIPT_OUTPUT_FILE_0}\"\n";
			showEnvVarsInLog = 0;
		};
		B07B7D3E33EA12345D5D53CC /* [CP] Embed Pods Frameworks */ = {
			isa = PBXShellScriptBuildPhase;
			buildActionMask = 2147483647;
			files = (
			);
			inputPaths = (
				"${PODS_ROOT}/Target Support Files/Pods-UnitTests/Pods-UnitTests-frameworks.sh",
				"${BUILT_PRODUCTS_DIR}/MotionTransitioning/MotionTransitioning.framework",
			);
			name = "[CP] Embed Pods Frameworks";
			outputPaths = (
				"${TARGET_BUILD_DIR}/${FRAMEWORKS_FOLDER_PATH}/MotionTransitioning.framework",
			);
			runOnlyForDeploymentPostprocessing = 0;
			shellPath = /bin/sh;
			shellScript = "\"${PODS_ROOT}/Target Support Files/Pods-UnitTests/Pods-UnitTests-frameworks.sh\"\n";
			showEnvVarsInLog = 0;
		};
		DD0DE1433C97D7502DC5B756 /* [CP] Check Pods Manifest.lock */ = {
			isa = PBXShellScriptBuildPhase;
			buildActionMask = 2147483647;
			files = (
			);
			inputPaths = (
				"${PODS_PODFILE_DIR_PATH}/Podfile.lock",
				"${PODS_ROOT}/Manifest.lock",
			);
			name = "[CP] Check Pods Manifest.lock";
			outputPaths = (
				"$(DERIVED_FILE_DIR)/Pods-UnitTests-checkManifestLockResult.txt",
			);
			runOnlyForDeploymentPostprocessing = 0;
			shellPath = /bin/sh;
			shellScript = "diff \"${PODS_PODFILE_DIR_PATH}/Podfile.lock\" \"${PODS_ROOT}/Manifest.lock\" > /dev/null\nif [ $? != 0 ] ; then\n    # print error to STDERR\n    echo \"error: The sandbox is not in sync with the Podfile.lock. Run 'pod install' or update your CocoaPods installation.\" >&2\n    exit 1\nfi\n# This output is used by Xcode 'outputs' to avoid re-running this script phase.\necho \"SUCCESS\" > \"${SCRIPT_OUTPUT_FILE_0}\"\n";
			showEnvVarsInLog = 0;
		};
		EBE92D1BA3D06BD67925A4E0 /* [CP] Embed Pods Frameworks */ = {
			isa = PBXShellScriptBuildPhase;
			buildActionMask = 2147483647;
			files = (
			);
			inputPaths = (
				"${PODS_ROOT}/Target Support Files/Pods-TransitionsCatalog/Pods-TransitionsCatalog-frameworks.sh",
				"${BUILT_PRODUCTS_DIR}/CatalogByConvention/CatalogByConvention.framework",
				"${BUILT_PRODUCTS_DIR}/MotionTransitioning/MotionTransitioning.framework",
			);
			name = "[CP] Embed Pods Frameworks";
			outputPaths = (
				"${TARGET_BUILD_DIR}/${FRAMEWORKS_FOLDER_PATH}/CatalogByConvention.framework",
				"${TARGET_BUILD_DIR}/${FRAMEWORKS_FOLDER_PATH}/MotionTransitioning.framework",
			);
			runOnlyForDeploymentPostprocessing = 0;
			shellPath = /bin/sh;
			shellScript = "\"${PODS_ROOT}/Target Support Files/Pods-TransitionsCatalog/Pods-TransitionsCatalog-frameworks.sh\"\n";
			showEnvVarsInLog = 0;
		};
/* End PBXShellScriptBuildPhase section */

/* Begin PBXSourcesBuildPhase section */
		666FAA7C1D384A6B000363DA /* Sources */ = {
			isa = PBXSourcesBuildPhase;
			buildActionMask = 2147483647;
			files = (
				666FAA841D384A6B000363DA /* AppDelegate.swift in Sources */,
				66BBC76F1ED4C8790015CB9B /* HexColor.swift in Sources */,
				668E28971F571CA4008A4550 /* SlideUpTransition.swift in Sources */,
				66BBC7751ED729A80015CB9B /* FadeExample.m in Sources */,
				072A063B1EEE26A900B9B5FC /* MenuExample.swift in Sources */,
				661F92EE1F69C7CA00AA259E /* PhotoAlbum.swift in Sources */,
				66BBC76D1ED4C8790015CB9B /* ExampleViewController.swift in Sources */,
				667A3F541DEE273000CB3A99 /* TableOfContents.swift in Sources */,
				66A320FC1F1E716600E2EAC3 /* NavControllerFadeExample.swift in Sources */,
				668E288E1F5066AA008A4550 /* PhotoAlbumExample.swift in Sources */,
				661F92F11F69C7E900AA259E /* PhotoCollectionViewCell.swift in Sources */,
				66BBC7701ED4C8790015CB9B /* Layout.swift in Sources */,
				667051C61F7425EC00769148 /* CompositeTransition.swift in Sources */,
				668E289B1F572A9D008A4550 /* SpringFrameTransition.swift in Sources */,
				667051C71F7425EC00769148 /* TransitionTarget.swift in Sources */,
				661F92F31F69C80E00AA259E /* PhotoAlbumTransition.swift in Sources */,
				661F92EC1F69C79900AA259E /* Photo.swift in Sources */,
				6629151E1ED5E0E0002B9A5D /* CustomPresentationExample.swift in Sources */,
				668E288B1F4F68D2008A4550 /* ContextualExample.swift in Sources */,
				66BBC76E1ED4C8790015CB9B /* ExampleViews.swift in Sources */,
				662915201ED5E137002B9A5D /* ModalViewController.swift in Sources */,
				668E28851F4F5389008A4550 /* FadeTransition.swift in Sources */,
				66BBC75E1ED37DAD0015CB9B /* FadeExample.swift in Sources */,
			);
			runOnlyForDeploymentPostprocessing = 0;
		};
		666FAA901D384A6B000363DA /* Sources */ = {
			isa = PBXSourcesBuildPhase;
			buildActionMask = 2147483647;
			files = (
				669AFD661F75360E00FF06DF /* FallbackTransition.swift in Sources */,
				66063DF81F75C3E00063E192 /* TransitionWithCustomDurationTests.swift in Sources */,
				66BBC7721ED728DB0015CB9B /* TransitionWithPresentationTests.swift in Sources */,
				662915231ED64A10002B9A5D /* TransitionTests.swift in Sources */,
				6618F5D31F73EB7900A4ABDD /* FadeTransition.swift in Sources */,
				667051CB1F7425EE00769148 /* TransitionTarget.swift in Sources */,
				6618F5D51F73EB7900A4ABDD /* SpringFrameTransition.swift in Sources */,
				667051CA1F7425EE00769148 /* CompositeTransition.swift in Sources */,
				6618F5D41F73EB7900A4ABDD /* SlideUpTransition.swift in Sources */,
				6618F5D71F73EB8800A4ABDD /* InstantCompletionTransition.swift in Sources */,
			);
			runOnlyForDeploymentPostprocessing = 0;
		};
		667A3F3B1DEE269400CB3A99 /* Sources */ = {
			isa = PBXSourcesBuildPhase;
			buildActionMask = 2147483647;
			files = (
				667A3F421DEE269400CB3A99 /* AppDelegate.swift in Sources */,
			);
			runOnlyForDeploymentPostprocessing = 0;
		};
/* End PBXSourcesBuildPhase section */

/* Begin PBXTargetDependency section */
		666FAA961D384A6B000363DA /* PBXTargetDependency */ = {
			isa = PBXTargetDependency;
			target = 666FAA7F1D384A6B000363DA /* TransitionsCatalog */;
			targetProxy = 666FAA951D384A6B000363DA /* PBXContainerItemProxy */;
		};
		667A3F521DEE269D00CB3A99 /* PBXTargetDependency */ = {
			isa = PBXTargetDependency;
			target = 667A3F3E1DEE269400CB3A99 /* TestHarness */;
			targetProxy = 667A3F511DEE269D00CB3A99 /* PBXContainerItemProxy */;
		};
/* End PBXTargetDependency section */

/* Begin PBXVariantGroup section */
		666FAA8C1D384A6B000363DA /* LaunchScreen.storyboard */ = {
			isa = PBXVariantGroup;
			children = (
				666FAA8D1D384A6B000363DA /* Base */,
			);
			name = LaunchScreen.storyboard;
			sourceTree = "<group>";
		};
		667A3F4A1DEE269400CB3A99 /* LaunchScreen.storyboard */ = {
			isa = PBXVariantGroup;
			children = (
				667A3F4B1DEE269400CB3A99 /* Base */,
			);
			name = LaunchScreen.storyboard;
			sourceTree = "<group>";
		};
/* End PBXVariantGroup section */

/* Begin XCBuildConfiguration section */
		666FAA9B1D384A6B000363DA /* Debug */ = {
			isa = XCBuildConfiguration;
			buildSettings = {
				ALWAYS_SEARCH_USER_PATHS = NO;
				CLANG_ANALYZER_NONNULL = YES;
				CLANG_CXX_LANGUAGE_STANDARD = "gnu++0x";
				CLANG_CXX_LIBRARY = "libc++";
				CLANG_ENABLE_MODULES = YES;
				CLANG_ENABLE_OBJC_ARC = YES;
				CLANG_WARN_BLOCK_CAPTURE_AUTORELEASING = YES;
				CLANG_WARN_BOOL_CONVERSION = YES;
				CLANG_WARN_COMMA = YES;
				CLANG_WARN_CONSTANT_CONVERSION = YES;
				CLANG_WARN_DIRECT_OBJC_ISA_USAGE = YES_ERROR;
				CLANG_WARN_EMPTY_BODY = YES;
				CLANG_WARN_ENUM_CONVERSION = YES;
				CLANG_WARN_INFINITE_RECURSION = YES;
				CLANG_WARN_INT_CONVERSION = YES;
				CLANG_WARN_NON_LITERAL_NULL_CONVERSION = YES;
				CLANG_WARN_OBJC_LITERAL_CONVERSION = YES;
				CLANG_WARN_OBJC_ROOT_CLASS = YES_ERROR;
				CLANG_WARN_RANGE_LOOP_ANALYSIS = YES;
				CLANG_WARN_STRICT_PROTOTYPES = YES;
				CLANG_WARN_SUSPICIOUS_MOVE = YES;
				CLANG_WARN_UNREACHABLE_CODE = YES;
				CLANG_WARN__DUPLICATE_METHOD_MATCH = YES;
				"CODE_SIGN_IDENTITY[sdk=iphoneos*]" = "iPhone Developer";
				COPY_PHASE_STRIP = NO;
				DEBUG_INFORMATION_FORMAT = dwarf;
				ENABLE_STRICT_OBJC_MSGSEND = YES;
				ENABLE_TESTABILITY = YES;
				GCC_C_LANGUAGE_STANDARD = gnu99;
				GCC_DYNAMIC_NO_PIC = NO;
				GCC_NO_COMMON_BLOCKS = YES;
				GCC_OPTIMIZATION_LEVEL = 0;
				GCC_PREPROCESSOR_DEFINITIONS = (
					"DEBUG=1",
					"$(inherited)",
				);
				GCC_WARN_64_TO_32_BIT_CONVERSION = YES;
				GCC_WARN_ABOUT_RETURN_TYPE = YES_ERROR;
				GCC_WARN_UNDECLARED_SELECTOR = YES;
				GCC_WARN_UNINITIALIZED_AUTOS = YES_AGGRESSIVE;
				GCC_WARN_UNUSED_FUNCTION = YES;
				GCC_WARN_UNUSED_VARIABLE = YES;
				IPHONEOS_DEPLOYMENT_TARGET = 9.0;
				MTL_ENABLE_DEBUG_INFO = YES;
				ONLY_ACTIVE_ARCH = YES;
				SDKROOT = iphoneos;
				SWIFT_OPTIMIZATION_LEVEL = "-Onone";
				SWIFT_VERSION = 4.0;
				TARGETED_DEVICE_FAMILY = "1,2";
			};
			name = Debug;
		};
		666FAA9C1D384A6B000363DA /* Release */ = {
			isa = XCBuildConfiguration;
			buildSettings = {
				ALWAYS_SEARCH_USER_PATHS = NO;
				CLANG_ANALYZER_NONNULL = YES;
				CLANG_CXX_LANGUAGE_STANDARD = "gnu++0x";
				CLANG_CXX_LIBRARY = "libc++";
				CLANG_ENABLE_MODULES = YES;
				CLANG_ENABLE_OBJC_ARC = YES;
				CLANG_WARN_BLOCK_CAPTURE_AUTORELEASING = YES;
				CLANG_WARN_BOOL_CONVERSION = YES;
				CLANG_WARN_COMMA = YES;
				CLANG_WARN_CONSTANT_CONVERSION = YES;
				CLANG_WARN_DIRECT_OBJC_ISA_USAGE = YES_ERROR;
				CLANG_WARN_EMPTY_BODY = YES;
				CLANG_WARN_ENUM_CONVERSION = YES;
				CLANG_WARN_INFINITE_RECURSION = YES;
				CLANG_WARN_INT_CONVERSION = YES;
				CLANG_WARN_NON_LITERAL_NULL_CONVERSION = YES;
				CLANG_WARN_OBJC_LITERAL_CONVERSION = YES;
				CLANG_WARN_OBJC_ROOT_CLASS = YES_ERROR;
				CLANG_WARN_RANGE_LOOP_ANALYSIS = YES;
				CLANG_WARN_STRICT_PROTOTYPES = YES;
				CLANG_WARN_SUSPICIOUS_MOVE = YES;
				CLANG_WARN_UNREACHABLE_CODE = YES;
				CLANG_WARN__DUPLICATE_METHOD_MATCH = YES;
				"CODE_SIGN_IDENTITY[sdk=iphoneos*]" = "iPhone Developer";
				COPY_PHASE_STRIP = NO;
				DEBUG_INFORMATION_FORMAT = "dwarf-with-dsym";
				ENABLE_NS_ASSERTIONS = NO;
				ENABLE_STRICT_OBJC_MSGSEND = YES;
				GCC_C_LANGUAGE_STANDARD = gnu99;
				GCC_NO_COMMON_BLOCKS = YES;
				GCC_WARN_64_TO_32_BIT_CONVERSION = YES;
				GCC_WARN_ABOUT_RETURN_TYPE = YES_ERROR;
				GCC_WARN_UNDECLARED_SELECTOR = YES;
				GCC_WARN_UNINITIALIZED_AUTOS = YES_AGGRESSIVE;
				GCC_WARN_UNUSED_FUNCTION = YES;
				GCC_WARN_UNUSED_VARIABLE = YES;
				IPHONEOS_DEPLOYMENT_TARGET = 9.0;
				MTL_ENABLE_DEBUG_INFO = NO;
				SDKROOT = iphoneos;
				SWIFT_VERSION = 4.0;
				TARGETED_DEVICE_FAMILY = "1,2";
				VALIDATE_PRODUCT = YES;
			};
			name = Release;
		};
		666FAA9E1D384A6B000363DA /* Debug */ = {
			isa = XCBuildConfiguration;
			baseConfigurationReference = 738D98979677D88D24513391 /* Pods-TransitionsCatalog.debug.xcconfig */;
			buildSettings = {
				ASSETCATALOG_COMPILER_APPICON_NAME = AppIcon;
				CLANG_ENABLE_MODULES = YES;
				INFOPLIST_FILE = Catalog/Info.plist;
				LD_RUNPATH_SEARCH_PATHS = "$(inherited) @executable_path/Frameworks";
				PRODUCT_BUNDLE_IDENTIFIER = com.google.Catalog;
				PRODUCT_NAME = "$(TARGET_NAME)";
				SWIFT_OPTIMIZATION_LEVEL = "-Onone";
			};
			name = Debug;
		};
		666FAA9F1D384A6B000363DA /* Release */ = {
			isa = XCBuildConfiguration;
			baseConfigurationReference = 3734DFFD1C84494E48784617 /* Pods-TransitionsCatalog.release.xcconfig */;
			buildSettings = {
				ASSETCATALOG_COMPILER_APPICON_NAME = AppIcon;
				CLANG_ENABLE_MODULES = YES;
				INFOPLIST_FILE = Catalog/Info.plist;
				LD_RUNPATH_SEARCH_PATHS = "$(inherited) @executable_path/Frameworks";
				PRODUCT_BUNDLE_IDENTIFIER = com.google.Catalog;
				PRODUCT_NAME = "$(TARGET_NAME)";
				SWIFT_OPTIMIZATION_LEVEL = "-Owholemodule";
			};
			name = Release;
		};
		666FAAA11D384A6B000363DA /* Debug */ = {
			isa = XCBuildConfiguration;
			baseConfigurationReference = 0C2327F961D4F16DEBF0EEB8 /* Pods-UnitTests.debug.xcconfig */;
			buildSettings = {
				ALWAYS_EMBED_SWIFT_STANDARD_LIBRARIES = YES;
				BUNDLE_LOADER = "$(TEST_HOST)";
				CLANG_ENABLE_MODULES = YES;
				INFOPLIST_FILE = UnitTests/Info.plist;
				LD_RUNPATH_SEARCH_PATHS = "$(inherited) @executable_path/Frameworks @loader_path/Frameworks";
				PRODUCT_BUNDLE_IDENTIFIER = com.google.CatalogTests;
				PRODUCT_NAME = "$(TARGET_NAME)";
				SWIFT_OPTIMIZATION_LEVEL = "-Onone";
				TEST_HOST = "$(BUILT_PRODUCTS_DIR)/TestHarness.app/TestHarness";
			};
			name = Debug;
		};
		666FAAA21D384A6B000363DA /* Release */ = {
			isa = XCBuildConfiguration;
			baseConfigurationReference = D7BB2931AFCEE4C91AE92E5D /* Pods-UnitTests.release.xcconfig */;
			buildSettings = {
				ALWAYS_EMBED_SWIFT_STANDARD_LIBRARIES = YES;
				BUNDLE_LOADER = "$(TEST_HOST)";
				CLANG_ENABLE_MODULES = YES;
				INFOPLIST_FILE = UnitTests/Info.plist;
				LD_RUNPATH_SEARCH_PATHS = "$(inherited) @executable_path/Frameworks @loader_path/Frameworks";
				PRODUCT_BUNDLE_IDENTIFIER = com.google.CatalogTests;
				PRODUCT_NAME = "$(TARGET_NAME)";
				SWIFT_OPTIMIZATION_LEVEL = "-Owholemodule";
				TEST_HOST = "$(BUILT_PRODUCTS_DIR)/TestHarness.app/TestHarness";
			};
			name = Release;
		};
		667A3F4E1DEE269400CB3A99 /* Debug */ = {
			isa = XCBuildConfiguration;
			buildSettings = {
				ASSETCATALOG_COMPILER_APPICON_NAME = AppIcon;
				CLANG_WARN_DOCUMENTATION_COMMENTS = YES;
				CLANG_WARN_INFINITE_RECURSION = YES;
				CLANG_WARN_SUSPICIOUS_MOVES = YES;
				INFOPLIST_FILE = TestHarness/Info.plist;
				LD_RUNPATH_SEARCH_PATHS = "$(inherited) @executable_path/Frameworks";
				PRODUCT_BUNDLE_IDENTIFIER = com.google.TestHarness;
				PRODUCT_NAME = "$(TARGET_NAME)";
				SWIFT_ACTIVE_COMPILATION_CONDITIONS = DEBUG;
			};
			name = Debug;
		};
		667A3F4F1DEE269400CB3A99 /* Release */ = {
			isa = XCBuildConfiguration;
			buildSettings = {
				ASSETCATALOG_COMPILER_APPICON_NAME = AppIcon;
				CLANG_WARN_DOCUMENTATION_COMMENTS = YES;
				CLANG_WARN_INFINITE_RECURSION = YES;
				CLANG_WARN_SUSPICIOUS_MOVES = YES;
				INFOPLIST_FILE = TestHarness/Info.plist;
				LD_RUNPATH_SEARCH_PATHS = "$(inherited) @executable_path/Frameworks";
				PRODUCT_BUNDLE_IDENTIFIER = com.google.TestHarness;
				PRODUCT_NAME = "$(TARGET_NAME)";
				SWIFT_OPTIMIZATION_LEVEL = "-Owholemodule";
			};
			name = Release;
		};
/* End XCBuildConfiguration section */

/* Begin XCConfigurationList section */
		666FAA7B1D384A6B000363DA /* Build configuration list for PBXProject "TransitionsCatalog" */ = {
			isa = XCConfigurationList;
			buildConfigurations = (
				666FAA9B1D384A6B000363DA /* Debug */,
				666FAA9C1D384A6B000363DA /* Release */,
			);
			defaultConfigurationIsVisible = 0;
			defaultConfigurationName = Release;
		};
		666FAA9D1D384A6B000363DA /* Build configuration list for PBXNativeTarget "TransitionsCatalog" */ = {
			isa = XCConfigurationList;
			buildConfigurations = (
				666FAA9E1D384A6B000363DA /* Debug */,
				666FAA9F1D384A6B000363DA /* Release */,
			);
			defaultConfigurationIsVisible = 0;
			defaultConfigurationName = Release;
		};
		666FAAA01D384A6B000363DA /* Build configuration list for PBXNativeTarget "UnitTests" */ = {
			isa = XCConfigurationList;
			buildConfigurations = (
				666FAAA11D384A6B000363DA /* Debug */,
				666FAAA21D384A6B000363DA /* Release */,
			);
			defaultConfigurationIsVisible = 0;
			defaultConfigurationName = Release;
		};
		667A3F501DEE269400CB3A99 /* Build configuration list for PBXNativeTarget "TestHarness" */ = {
			isa = XCConfigurationList;
			buildConfigurations = (
				667A3F4E1DEE269400CB3A99 /* Debug */,
				667A3F4F1DEE269400CB3A99 /* Release */,
			);
			defaultConfigurationIsVisible = 0;
			defaultConfigurationName = Release;
		};
/* End XCConfigurationList section */
	};
	rootObject = 666FAA781D384A6B000363DA /* Project object */;
}
